
Microsoft Visual Studio Solution File, Format Version 12.00
# Visual Studio Version 17
VisualStudioVersion = 17.1.32328.378
MinimumVisualStudioVersion = 10.0.40219.1
Project("{6EC3EE1D-3C4E-46DD-8F32-0CC8E7565705}") = "app", "src\app.fsproj", "{BF90DE53-4318-4F58-9889-D4173C24EB18}"
EndProject
Project("{6EC3EE1D-3C4E-46DD-8F32-0CC8E7565705}") = "test", "test\ApiStub.FSharp.Tests.fsproj", "{8756BCBB-995D-436E-8D2F-CADAA325948B}"
EndProject
Project("{6EC3EE1D-3C4E-46DD-8F32-0CC8E7565705}") = "ApiStub.FSharp", "ApiStub.FSharp\ApiStub.FSharp.fsproj", "{F7EE43A1-C472-4B78-97AD-51B5435CC1BE}"
EndProject
Project("{2150E333-8FDC-42A3-9474-1A3956D46DE8}") = "Solution Items", "Solution Items", "{D4C589F1-03B9-4E1D-BB6C-BFDFDD7AD169}"
	ProjectSection(SolutionItems) = preProject
		.gitignore = .gitignore
		.github\workflows\dotnet.yml = .github\workflows\dotnet.yml
		README.md = README.md
		testNuget.fsx = testNuget.fsx
	EndProjectSection
EndProject
Global
	GlobalSection(SolutionConfigurationPlatforms) = preSolution
		Debug|Any CPU = Debug|Any CPU
		Release|Any CPU = Release|Any CPU
	EndGlobalSection
	GlobalSection(ProjectConfigurationPlatforms) = postSolution
		{BF90DE53-4318-4F58-9889-D4173C24EB18}.Debug|Any CPU.ActiveCfg = Debug|Any CPU
		{BF90DE53-4318-4F58-9889-D4173C24EB18}.Debug|Any CPU.Build.0 = Debug|Any CPU
		{BF90DE53-4318-4F58-9889-D4173C24EB18}.Release|Any CPU.ActiveCfg = Release|Any CPU
		{BF90DE53-4318-4F58-9889-D4173C24EB18}.Release|Any CPU.Build.0 = Release|Any CPU
		{8756BCBB-995D-436E-8D2F-CADAA325948B}.Debug|Any CPU.ActiveCfg = Debug|Any CPU
		{8756BCBB-995D-436E-8D2F-CADAA325948B}.Debug|Any CPU.Build.0 = Debug|Any CPU
		{8756BCBB-995D-436E-8D2F-CADAA325948B}.Release|Any CPU.ActiveCfg = Release|Any CPU
		{8756BCBB-995D-436E-8D2F-CADAA325948B}.Release|Any CPU.Build.0 = Release|Any CPU
		{F7EE43A1-C472-4B78-97AD-51B5435CC1BE}.Debug|Any CPU.ActiveCfg = Debug|Any CPU
		{F7EE43A1-C472-4B78-97AD-51B5435CC1BE}.Debug|Any CPU.Build.0 = Debug|Any CPU
		{F7EE43A1-C472-4B78-97AD-51B5435CC1BE}.Release|Any CPU.ActiveCfg = Release|Any CPU
		{F7EE43A1-C472-4B78-97AD-51B5435CC1BE}.Release|Any CPU.Build.0 = Release|Any CPU
		{24264817-88F6-4E55-B1E2-18FD5BA8397D}.Debug|Any CPU.ActiveCfg = Debug|Any CPU
		{24264817-88F6-4E55-B1E2-18FD5BA8397D}.Debug|Any CPU.Build.0 = Debug|Any CPU
		{24264817-88F6-4E55-B1E2-18FD5BA8397D}.Release|Any CPU.ActiveCfg = Release|Any CPU
		{24264817-88F6-4E55-B1E2-18FD5BA8397D}.Release|Any CPU.Build.0 = Release|Any CPU
	EndGlobalSection
	GlobalSection(SolutionProperties) = preSolution
		HideSolutionNode = FALSE
	EndGlobalSection
	GlobalSection(ExtensibilityGlobals) = postSolution
		SolutionGuid = {38596924-DBFF-404B-B9F2-5F0449EC1F64}
	EndGlobalSection
EndGlobal
